
Microsoft Visual Studio Solution File, Format Version 12.00
# Visual Studio Version 17
VisualStudioVersion = 17.0.31912.275
MinimumVisualStudioVersion = 10.0.40219.1
Project("{FAE04EC0-301F-11D3-BF4B-00C04F79EFBC}") = "ASPHellworld", "ASPHellworld\ASPHellworld.csproj", "{01C68170-C894-4D45-B29E-B938DF65615F}"
EndProject
Global
	GlobalSection(SolutionConfigurationPlatforms) = preSolution
		Debug|Any CPU = Debug|Any CPU
		Release|Any CPU = Release|Any CPU
	EndGlobalSection
	GlobalSection(ProjectConfigurationPlatforms) = postSolution
		{01C68170-C894-4D45-B29E-B938DF65615F}.Debug|Any CPU.ActiveCfg = Debug|Any CPU
		{01C68170-C894-4D45-B29E-B938DF65615F}.Debug|Any CPU.Build.0 = Debug|Any CPU
		{01C68170-C894-4D45-B29E-B938DF65615F}.Release|Any CPU.ActiveCfg = Release|Any CPU
		{01C68170-C894-4D45-B29E-B938DF65615F}.Release|Any CPU.Build.0 = Release|Any CPU
	EndGlobalSection
	GlobalSection(SolutionProperties) = preSolution
		HideSolutionNode = FALSE
	EndGlobalSection
	GlobalSection(ExtensibilityGlobals) = postSolution
		SolutionGuid = {AFF58AA5-72CD-45DB-9F78-5C451DED4850}
	EndGlobalSection
EndGlobal
